
Microsoft Visual Studio Solution File, Format Version 12.00
# Visual Studio Version 17
VisualStudioVersion = 17.5.002.0
MinimumVisualStudioVersion = 10.0.40219.1
Project("{2150E333-8FDC-42A3-9474-1A3956D46DE8}") = "csharp-prep", "csharp-prep", "{CF28F08A-2010-441A-9141-B70452AA6C5C}"
EndProject
Project("{9A19103F-16F7-4668-BE54-9A1E7A4F7556}") = "Prep1", "csharp-prep\Prep1\Prep1.csproj", "{D0158E8A-E673-4B1F-9959-459EBD48052F}"
EndProject
Project("{9A19103F-16F7-4668-BE54-9A1E7A4F7556}") = "Prep2", "csharp-prep\Prep2\Prep2.csproj", "{C36D402C-233E-43D1-8EB3-560E7982CE74}"
EndProject
Project("{9A19103F-16F7-4668-BE54-9A1E7A4F7556}") = "Prep3", "csharp-prep\Prep3\Prep3.csproj", "{E5C087FC-189D-456F-B9B0-751A01645015}"
EndProject
Project("{9A19103F-16F7-4668-BE54-9A1E7A4F7556}") = "Prep4", "csharp-prep\Prep4\Prep4.csproj", "{576319F5-BE43-4F97-BACC-0EAA18F8A7BA}"
EndProject
Project("{9A19103F-16F7-4668-BE54-9A1E7A4F7556}") = "Prep5", "csharp-prep\Prep5\Prep5.csproj", "{494E4196-742D-4D4B-8787-01E382E8FEFA}"
EndProject
Project("{2150E333-8FDC-42A3-9474-1A3956D46DE8}") = "final", "final", "{D1164371-972E-4E16-BE6D-51DCBE69D4A3}"
EndProject
Project("{9A19103F-16F7-4668-BE54-9A1E7A4F7556}") = "FinalProject", "final\FinalProject\FinalProject.csproj", "{647ED6C9-8C5F-4D9D-B450-1F7BF94958D4}"
EndProject
Project("{9A19103F-16F7-4668-BE54-9A1E7A4F7556}") = "Foundation1", "final\Foundation1\Foundation1.csproj", "{67A9050E-DE78-45AD-8473-675B372E2702}"
EndProject
Project("{9A19103F-16F7-4668-BE54-9A1E7A4F7556}") = "Foundation2", "final\Foundation2\Foundation2.csproj", "{960C87DE-F604-4182-93A4-A83855785122}"
EndProject
Project("{9A19103F-16F7-4668-BE54-9A1E7A4F7556}") = "Foundation3", "final\Foundation3\Foundation3.csproj", "{D216D368-CE07-487A-9A01-DEB6F913DCC0}"
EndProject
Project("{9A19103F-16F7-4668-BE54-9A1E7A4F7556}") = "Foundation4", "final\Foundation4\Foundation4.csproj", "{B543DD14-BCB4-4D91-953A-3035AB849C4B}"
EndProject
Project("{2150E333-8FDC-42A3-9474-1A3956D46DE8}") = "prepare", "prepare", "{A8DD2F39-F868-429C-A828-239EAF46EC87}"
EndProject
Project("{9A19103F-16F7-4668-BE54-9A1E7A4F7556}") = "Learning02", "prepare\Learning02\Learning02.csproj", "{4435B4BA-A933-4784-BE49-EBDA2205D894}"
EndProject
Project("{9A19103F-16F7-4668-BE54-9A1E7A4F7556}") = "Learning03", "prepare\Learning03\Learning03.csproj", "{CDC62233-8A10-442F-A9A9-661A9C278BBD}"
EndProject
Project("{9A19103F-16F7-4668-BE54-9A1E7A4F7556}") = "Learning04", "prepare\Learning04\Learning04.csproj", "{2F85F7A0-F479-42AC-BFCA-C8D3758DFEEE}"
EndProject
Project("{9A19103F-16F7-4668-BE54-9A1E7A4F7556}") = "Learning05", "prepare\Learning05\Learning05.csproj", "{B2CB8F9D-B701-4C6B-874F-6DAC6D922740}"
EndProject
Project("{2150E333-8FDC-42A3-9474-1A3956D46DE8}") = "prove", "prove", "{E610A66A-EACA-47C6-803C-67DE1B56582D}"
EndProject
Project("{9A19103F-16F7-4668-BE54-9A1E7A4F7556}") = "Develop02", "prove\Develop02\Develop02.csproj", "{FD021B94-C3D0-44FB-9AFD-AE3505B3FA50}"
EndProject
Project("{9A19103F-16F7-4668-BE54-9A1E7A4F7556}") = "Develop03", "prove\Develop03\Develop03.csproj", "{5EA801D9-3248-4C22-98D2-AE42AAE42938}"
EndProject
Project("{9A19103F-16F7-4668-BE54-9A1E7A4F7556}") = "Develop04", "prove\Develop04\Develop04.csproj", "{52F2608B-8B4D-4A07-90DC-BDBDEFB878F1}"
EndProject
Project("{9A19103F-16F7-4668-BE54-9A1E7A4F7556}") = "Develop05", "prove\Develop05\Develop05.csproj", "{E59DB388-C695-42ED-84B2-F6B8F354FC1F}"
EndProject
Project("{2150E333-8FDC-42A3-9474-1A3956D46DE8}") = "sandbox", "sandbox", "{CF562403-C5FF-4855-8131-4733568E8085}"
EndProject
Project("{9A19103F-16F7-4668-BE54-9A1E7A4F7556}") = "Sandbox", "sandbox\Sandbox\Sandbox.csproj", "{E3101912-8500-466B-868B-08E8CC81A0C1}"
EndProject
Global
	GlobalSection(SolutionConfigurationPlatforms) = preSolution
		Debug|Any CPU = Debug|Any CPU
		Release|Any CPU = Release|Any CPU
	EndGlobalSection
	GlobalSection(ProjectConfigurationPlatforms) = postSolution
		{D0158E8A-E673-4B1F-9959-459EBD48052F}.Debug|Any CPU.ActiveCfg = Debug|Any CPU
		{D0158E8A-E673-4B1F-9959-459EBD48052F}.Debug|Any CPU.Build.0 = Debug|Any CPU
		{D0158E8A-E673-4B1F-9959-459EBD48052F}.Release|Any CPU.ActiveCfg = Release|Any CPU
		{D0158E8A-E673-4B1F-9959-459EBD48052F}.Release|Any CPU.Build.0 = Release|Any CPU
		{C36D402C-233E-43D1-8EB3-560E7982CE74}.Debug|Any CPU.ActiveCfg = Debug|Any CPU
		{C36D402C-233E-43D1-8EB3-560E7982CE74}.Debug|Any CPU.Build.0 = Debug|Any CPU
		{C36D402C-233E-43D1-8EB3-560E7982CE74}.Release|Any CPU.ActiveCfg = Release|Any CPU
		{C36D402C-233E-43D1-8EB3-560E7982CE74}.Release|Any CPU.Build.0 = Release|Any CPU
		{E5C087FC-189D-456F-B9B0-751A01645015}.Debug|Any CPU.ActiveCfg = Debug|Any CPU
		{E5C087FC-189D-456F-B9B0-751A01645015}.Debug|Any CPU.Build.0 = Debug|Any CPU
		{E5C087FC-189D-456F-B9B0-751A01645015}.Release|Any CPU.ActiveCfg = Release|Any CPU
		{E5C087FC-189D-456F-B9B0-751A01645015}.Release|Any CPU.Build.0 = Release|Any CPU
		{576319F5-BE43-4F97-BACC-0EAA18F8A7BA}.Debug|Any CPU.ActiveCfg = Debug|Any CPU
		{576319F5-BE43-4F97-BACC-0EAA18F8A7BA}.Debug|Any CPU.Build.0 = Debug|Any CPU
		{576319F5-BE43-4F97-BACC-0EAA18F8A7BA}.Release|Any CPU.ActiveCfg = Release|Any CPU
		{576319F5-BE43-4F97-BACC-0EAA18F8A7BA}.Release|Any CPU.Build.0 = Release|Any CPU
		{494E4196-742D-4D4B-8787-01E382E8FEFA}.Debug|Any CPU.ActiveCfg = Debug|Any CPU
		{494E4196-742D-4D4B-8787-01E382E8FEFA}.Debug|Any CPU.Build.0 = Debug|Any CPU
		{494E4196-742D-4D4B-8787-01E382E8FEFA}.Release|Any CPU.ActiveCfg = Release|Any CPU
		{494E4196-742D-4D4B-8787-01E382E8FEFA}.Release|Any CPU.Build.0 = Release|Any CPU
		{647ED6C9-8C5F-4D9D-B450-1F7BF94958D4}.Debug|Any CPU.ActiveCfg = Debug|Any CPU
		{647ED6C9-8C5F-4D9D-B450-1F7BF94958D4}.Debug|Any CPU.Build.0 = Debug|Any CPU
		{647ED6C9-8C5F-4D9D-B450-1F7BF94958D4}.Release|Any CPU.ActiveCfg = Release|Any CPU
		{647ED6C9-8C5F-4D9D-B450-1F7BF94958D4}.Release|Any CPU.Build.0 = Release|Any CPU
		{67A9050E-DE78-45AD-8473-675B372E2702}.Debug|Any CPU.ActiveCfg = Debug|Any CPU
		{67A9050E-DE78-45AD-8473-675B372E2702}.Debug|Any CPU.Build.0 = Debug|Any CPU
		{67A9050E-DE78-45AD-8473-675B372E2702}.Release|Any CPU.ActiveCfg = Release|Any CPU
		{67A9050E-DE78-45AD-8473-675B372E2702}.Release|Any CPU.Build.0 = Release|Any CPU
		{960C87DE-F604-4182-93A4-A83855785122}.Debug|Any CPU.ActiveCfg = Debug|Any CPU
		{960C87DE-F604-4182-93A4-A83855785122}.Debug|Any CPU.Build.0 = Debug|Any CPU
		{960C87DE-F604-4182-93A4-A83855785122}.Release|Any CPU.ActiveCfg = Release|Any CPU
		{960C87DE-F604-4182-93A4-A83855785122}.Release|Any CPU.Build.0 = Release|Any CPU
		{D216D368-CE07-487A-9A01-DEB6F913DCC0}.Debug|Any CPU.ActiveCfg = Debug|Any CPU
		{D216D368-CE07-487A-9A01-DEB6F913DCC0}.Debug|Any CPU.Build.0 = Debug|Any CPU
		{D216D368-CE07-487A-9A01-DEB6F913DCC0}.Release|Any CPU.ActiveCfg = Release|Any CPU
		{D216D368-CE07-487A-9A01-DEB6F913DCC0}.Release|Any CPU.Build.0 = Release|Any CPU
		{B543DD14-BCB4-4D91-953A-3035AB849C4B}.Debug|Any CPU.ActiveCfg = Debug|Any CPU
		{B543DD14-BCB4-4D91-953A-3035AB849C4B}.Debug|Any CPU.Build.0 = Debug|Any CPU
		{B543DD14-BCB4-4D91-953A-3035AB849C4B}.Release|Any CPU.ActiveCfg = Release|Any CPU
		{B543DD14-BCB4-4D91-953A-3035AB849C4B}.Release|Any CPU.Build.0 = Release|Any CPU
		{4435B4BA-A933-4784-BE49-EBDA2205D894}.Debug|Any CPU.ActiveCfg = Debug|Any CPU
		{4435B4BA-A933-4784-BE49-EBDA2205D894}.Debug|Any CPU.Build.0 = Debug|Any CPU
		{4435B4BA-A933-4784-BE49-EBDA2205D894}.Release|Any CPU.ActiveCfg = Release|Any CPU
		{4435B4BA-A933-4784-BE49-EBDA2205D894}.Release|Any CPU.Build.0 = Release|Any CPU
		{CDC62233-8A10-442F-A9A9-661A9C278BBD}.Debug|Any CPU.ActiveCfg = Debug|Any CPU
		{CDC62233-8A10-442F-A9A9-661A9C278BBD}.Debug|Any CPU.Build.0 = Debug|Any CPU
		{CDC62233-8A10-442F-A9A9-661A9C278BBD}.Release|Any CPU.ActiveCfg = Release|Any CPU
		{CDC62233-8A10-442F-A9A9-661A9C278BBD}.Release|Any CPU.Build.0 = Release|Any CPU
		{2F85F7A0-F479-42AC-BFCA-C8D3758DFEEE}.Debug|Any CPU.ActiveCfg = Debug|Any CPU
		{2F85F7A0-F479-42AC-BFCA-C8D3758DFEEE}.Debug|Any CPU.Build.0 = Debug|Any CPU
		{2F85F7A0-F479-42AC-BFCA-C8D3758DFEEE}.Release|Any CPU.ActiveCfg = Release|Any CPU
		{2F85F7A0-F479-42AC-BFCA-C8D3758DFEEE}.Release|Any CPU.Build.0 = Release|Any CPU
		{B2CB8F9D-B701-4C6B-874F-6DAC6D922740}.Debug|Any CPU.ActiveCfg = Debug|Any CPU
		{B2CB8F9D-B701-4C6B-874F-6DAC6D922740}.Debug|Any CPU.Build.0 = Debug|Any CPU
		{B2CB8F9D-B701-4C6B-874F-6DAC6D922740}.Release|Any CPU.ActiveCfg = Release|Any CPU
		{B2CB8F9D-B701-4C6B-874F-6DAC6D922740}.Release|Any CPU.Build.0 = Release|Any CPU
		{FD021B94-C3D0-44FB-9AFD-AE3505B3FA50}.Debug|Any CPU.ActiveCfg = Debug|Any CPU
		{FD021B94-C3D0-44FB-9AFD-AE3505B3FA50}.Debug|Any CPU.Build.0 = Debug|Any CPU
		{FD021B94-C3D0-44FB-9AFD-AE3505B3FA50}.Release|Any CPU.ActiveCfg = Release|Any CPU
		{FD021B94-C3D0-44FB-9AFD-AE3505B3FA50}.Release|Any CPU.Build.0 = Release|Any CPU
		{5EA801D9-3248-4C22-98D2-AE42AAE42938}.Debug|Any CPU.ActiveCfg = Debug|Any CPU
		{5EA801D9-3248-4C22-98D2-AE42AAE42938}.Debug|Any CPU.Build.0 = Debug|Any CPU
		{5EA801D9-3248-4C22-98D2-AE42AAE42938}.Release|Any CPU.ActiveCfg = Release|Any CPU
		{5EA801D9-3248-4C22-98D2-AE42AAE42938}.Release|Any CPU.Build.0 = Release|Any CPU
		{52F2608B-8B4D-4A07-90DC-BDBDEFB878F1}.Debug|Any CPU.ActiveCfg = Debug|Any CPU
		{52F2608B-8B4D-4A07-90DC-BDBDEFB878F1}.Debug|Any CPU.Build.0 = Debug|Any CPU
		{52F2608B-8B4D-4A07-90DC-BDBDEFB878F1}.Release|Any CPU.ActiveCfg = Release|Any CPU
		{52F2608B-8B4D-4A07-90DC-BDBDEFB878F1}.Release|Any CPU.Build.0 = Release|Any CPU
		{E59DB388-C695-42ED-84B2-F6B8F354FC1F}.Debug|Any CPU.ActiveCfg = Debug|Any CPU
		{E59DB388-C695-42ED-84B2-F6B8F354FC1F}.Debug|Any CPU.Build.0 = Debug|Any CPU
		{E59DB388-C695-42ED-84B2-F6B8F354FC1F}.Release|Any CPU.ActiveCfg = Release|Any CPU
		{E59DB388-C695-42ED-84B2-F6B8F354FC1F}.Release|Any CPU.Build.0 = Release|Any CPU
		{E3101912-8500-466B-868B-08E8CC81A0C1}.Debug|Any CPU.ActiveCfg = Debug|Any CPU
		{E3101912-8500-466B-868B-08E8CC81A0C1}.Debug|Any CPU.Build.0 = Debug|Any CPU
		{E3101912-8500-466B-868B-08E8CC81A0C1}.Release|Any CPU.ActiveCfg = Release|Any CPU
		{E3101912-8500-466B-868B-08E8CC81A0C1}.Release|Any CPU.Build.0 = Release|Any CPU
	EndGlobalSection
	GlobalSection(SolutionProperties) = preSolution
		HideSolutionNode = FALSE
	EndGlobalSection
	GlobalSection(NestedProjects) = preSolution
		{D0158E8A-E673-4B1F-9959-459EBD48052F} = {CF28F08A-2010-441A-9141-B70452AA6C5C}
		{C36D402C-233E-43D1-8EB3-560E7982CE74} = {CF28F08A-2010-441A-9141-B70452AA6C5C}
		{E5C087FC-189D-456F-B9B0-751A01645015} = {CF28F08A-2010-441A-9141-B70452AA6C5C}
		{576319F5-BE43-4F97-BACC-0EAA18F8A7BA} = {CF28F08A-2010-441A-9141-B70452AA6C5C}
		{494E4196-742D-4D4B-8787-01E382E8FEFA} = {CF28F08A-2010-441A-9141-B70452AA6C5C}
		{647ED6C9-8C5F-4D9D-B450-1F7BF94958D4} = {D1164371-972E-4E16-BE6D-51DCBE69D4A3}
		{67A9050E-DE78-45AD-8473-675B372E2702} = {D1164371-972E-4E16-BE6D-51DCBE69D4A3}
		{960C87DE-F604-4182-93A4-A83855785122} = {D1164371-972E-4E16-BE6D-51DCBE69D4A3}
		{D216D368-CE07-487A-9A01-DEB6F913DCC0} = {D1164371-972E-4E16-BE6D-51DCBE69D4A3}
		{B543DD14-BCB4-4D91-953A-3035AB849C4B} = {D1164371-972E-4E16-BE6D-51DCBE69D4A3}
		{4435B4BA-A933-4784-BE49-EBDA2205D894} = {A8DD2F39-F868-429C-A828-239EAF46EC87}
		{CDC62233-8A10-442F-A9A9-661A9C278BBD} = {A8DD2F39-F868-429C-A828-239EAF46EC87}
		{2F85F7A0-F479-42AC-BFCA-C8D3758DFEEE} = {A8DD2F39-F868-429C-A828-239EAF46EC87}
		{B2CB8F9D-B701-4C6B-874F-6DAC6D922740} = {A8DD2F39-F868-429C-A828-239EAF46EC87}
		{FD021B94-C3D0-44FB-9AFD-AE3505B3FA50} = {E610A66A-EACA-47C6-803C-67DE1B56582D}
		{5EA801D9-3248-4C22-98D2-AE42AAE42938} = {E610A66A-EACA-47C6-803C-67DE1B56582D}
		{52F2608B-8B4D-4A07-90DC-BDBDEFB878F1} = {E610A66A-EACA-47C6-803C-67DE1B56582D}
		{E59DB388-C695-42ED-84B2-F6B8F354FC1F} = {E610A66A-EACA-47C6-803C-67DE1B56582D}
		{E3101912-8500-466B-868B-08E8CC81A0C1} = {CF562403-C5FF-4855-8131-4733568E8085}
	EndGlobalSection
	GlobalSection(ExtensibilityGlobals) = postSolution
		SolutionGuid = {F06F8AC9-21B4-4CCC-893E-96EC81F66B12}
	EndGlobalSection
EndGlobal
